
Microsoft Visual Studio Solution File, Format Version 12.00
# Visual Studio Version 16
VisualStudioVersion = 16.0.30309.148
MinimumVisualStudioVersion = 10.0.40219.1
Project("{FAE04EC0-301F-11D3-BF4B-00C04F79EFBC}") = "Crazy2018_WebSite_GW", "Crazy2018_WebSite_GW\Crazy2018_WebSite_GW.csproj", "{11001E20-781F-4C8D-AA43-8D732B00BAB1}"
EndProject
Project("{FAE04EC0-301F-11D3-BF4B-00C04F79EFBC}") = "Crazy2018_WebApi", "Crazy2018_WebApi\Crazy2018_WebApi.csproj", "{333F27A4-87B8-46F1-8166-297D843A61A5}"
EndProject
Project("{FAE04EC0-301F-11D3-BF4B-00C04F79EFBC}") = "Crazy2018_Sys_Interface", "Crazy2018_Sys_Interface\Crazy2018_Sys_Interface.csproj", "{B7558E3D-F636-4369-ACFD-6646E4B150C8}"
EndProject
Project("{FAE04EC0-301F-11D3-BF4B-00C04F79EFBC}") = "Crazy2018_Sys_Service", "Crazy2018_Sys_Service\Crazy2018_Sys_Service.csproj", "{67A9C8D9-3392-4A64-BE2B-82400464E3C2}"
EndProject
Project("{FAE04EC0-301F-11D3-BF4B-00C04F79EFBC}") = "Crazy2018_Sys_DBHelper", "Crazy2018_Sys_DBHelper\Crazy2018_Sys_DBHelper.csproj", "{8D7712CD-9000-4C39-86DE-C6D2D7C850E5}"
EndProject
Project("{FAE04EC0-301F-11D3-BF4B-00C04F79EFBC}") = "Crazy2018_Sys_Entity", "Crazy2018_Sys_Entity\Crazy2018_Sys_Entity.csproj", "{3711985E-A1C8-4E01-BF35-D2B51C27AFDC}"
EndProject
Project("{FAE04EC0-301F-11D3-BF4B-00C04F79EFBC}") = "Crazy2018_Sys_ViewEntity", "Crazy2018_Sys_ViewEntity\Crazy2018_Sys_ViewEntity.csproj", "{727CBA4B-A8CA-4AC1-9CE6-12AE24E83A1E}"
EndProject
Project("{FAE04EC0-301F-11D3-BF4B-00C04F79EFBC}") = "Crazy2018_Sys_Common", "Crazy2018_Sys_Common\Crazy2018_Sys_Common.csproj", "{1B9DA1CD-5FD2-43B4-AA3D-C3556102F21B}"
EndProject
Project("{FAE04EC0-301F-11D3-BF4B-00C04F79EFBC}") = "Mehdime.Entity", "Mehdime.Entity\Mehdime.Entity.csproj", "{E0F7D5F2-934C-49BC-9AEF-6FFC2D655B57}"
EndProject
Project("{FAE04EC0-301F-11D3-BF4B-00C04F79EFBC}") = "Crazy2018_WebSite_Manage", "Crazy2018_WebSite_Manage\Crazy2018_WebSite_Manage.csproj", "{BF8AD948-4D9B-4E1C-839A-7908207C7F1C}"
EndProject
Project("{FAE04EC0-301F-11D3-BF4B-00C04F79EFBC}") = "Crazy2018WorkFlow", "Crazy2018WorkFlow\Crazy2018WorkFlow.csproj", "{0AC93D53-5E6D-450F-821A-456F2CBAF362}"
EndProject
Project("{FAE04EC0-301F-11D3-BF4B-00C04F79EFBC}") = "Crazy2018_Pay", "Crazy2018_Pay\Crazy2018_Pay.csproj", "{7B9E4091-24B9-4153-AFD6-9364EF8E9C28}"
EndProject
Project("{FAE04EC0-301F-11D3-BF4B-00C04F79EFBC}") = "Crazy2018_WebSite_Pay", "Crazy2018_WebSite_Pay\Crazy2018_WebSite_Pay.csproj", "{62A16989-4380-4C36-8341-820146DF35A9}"
EndProject
Project("{2150E333-8FDC-42A3-9474-1A3956D46DE8}") = "Solution Items", "Solution Items", "{3E4E5FD8-5C50-4821-A0F8-B9267F8518F9}"
	ProjectSection(SolutionItems) = preProject
		Performance1.psess = Performance1.psess
		Resources.Designer.t4 = Resources.Designer.t4
	EndProjectSection
EndProject
Project("{FAE04EC0-301F-11D3-BF4B-00C04F79EFBC}") = "Crazy2018_GamePay", "Crazy2018_GamePay\Crazy2018_GamePay.csproj", "{7E00A7C7-7F4B-44C5-A0C4-357C889AABE5}"
EndProject
Project("{FAE04EC0-301F-11D3-BF4B-00C04F79EFBC}") = "Crazy2018_GamePayManage", "Crazy2018_GamePayManage\Crazy2018_GamePayManage.csproj", "{B9C7F98E-CE5A-451D-9E1C-DCC087464BAF}"
EndProject
Project("{FAE04EC0-301F-11D3-BF4B-00C04F79EFBC}") = "Crazy2018_GameWebSite", "Crazy2018_GameWebSite\Crazy2018_GameWebSite.csproj", "{39117845-51B4-4076-B531-90902372918D}"
EndProject
Global
	GlobalSection(SolutionConfigurationPlatforms) = preSolution
		Debug|Any CPU = Debug|Any CPU
		Debug|x86 = Debug|x86
		Release|Any CPU = Release|Any CPU
		Release|x86 = Release|x86
	EndGlobalSection
	GlobalSection(ProjectConfigurationPlatforms) = postSolution
		{11001E20-781F-4C8D-AA43-8D732B00BAB1}.Debug|Any CPU.ActiveCfg = Debug|Any CPU
		{11001E20-781F-4C8D-AA43-8D732B00BAB1}.Debug|Any CPU.Build.0 = Debug|Any CPU
		{11001E20-781F-4C8D-AA43-8D732B00BAB1}.Debug|x86.ActiveCfg = Debug|Any CPU
		{11001E20-781F-4C8D-AA43-8D732B00BAB1}.Debug|x86.Build.0 = Debug|Any CPU
		{11001E20-781F-4C8D-AA43-8D732B00BAB1}.Release|Any CPU.ActiveCfg = Release|Any CPU
		{11001E20-781F-4C8D-AA43-8D732B00BAB1}.Release|Any CPU.Build.0 = Release|Any CPU
		{11001E20-781F-4C8D-AA43-8D732B00BAB1}.Release|x86.ActiveCfg = Release|Any CPU
		{11001E20-781F-4C8D-AA43-8D732B00BAB1}.Release|x86.Build.0 = Release|Any CPU
		{333F27A4-87B8-46F1-8166-297D843A61A5}.Debug|Any CPU.ActiveCfg = Debug|Any CPU
		{333F27A4-87B8-46F1-8166-297D843A61A5}.Debug|Any CPU.Build.0 = Debug|Any CPU
		{333F27A4-87B8-46F1-8166-297D843A61A5}.Debug|x86.ActiveCfg = Debug|Any CPU
		{333F27A4-87B8-46F1-8166-297D843A61A5}.Debug|x86.Build.0 = Debug|Any CPU
		{333F27A4-87B8-46F1-8166-297D843A61A5}.Release|Any CPU.ActiveCfg = Release|Any CPU
		{333F27A4-87B8-46F1-8166-297D843A61A5}.Release|Any CPU.Build.0 = Release|Any CPU
		{333F27A4-87B8-46F1-8166-297D843A61A5}.Release|x86.ActiveCfg = Release|Any CPU
		{333F27A4-87B8-46F1-8166-297D843A61A5}.Release|x86.Build.0 = Release|Any CPU
		{B7558E3D-F636-4369-ACFD-6646E4B150C8}.Debug|Any CPU.ActiveCfg = Debug|Any CPU
		{B7558E3D-F636-4369-ACFD-6646E4B150C8}.Debug|Any CPU.Build.0 = Debug|Any CPU
		{B7558E3D-F636-4369-ACFD-6646E4B150C8}.Debug|x86.ActiveCfg = Debug|Any CPU
		{B7558E3D-F636-4369-ACFD-6646E4B150C8}.Debug|x86.Build.0 = Debug|Any CPU
		{B7558E3D-F636-4369-ACFD-6646E4B150C8}.Release|Any CPU.ActiveCfg = Release|Any CPU
		{B7558E3D-F636-4369-ACFD-6646E4B150C8}.Release|Any CPU.Build.0 = Release|Any CPU
		{B7558E3D-F636-4369-ACFD-6646E4B150C8}.Release|x86.ActiveCfg = Release|Any CPU
		{B7558E3D-F636-4369-ACFD-6646E4B150C8}.Release|x86.Build.0 = Release|Any CPU
		{67A9C8D9-3392-4A64-BE2B-82400464E3C2}.Debug|Any CPU.ActiveCfg = Debug|Any CPU
		{67A9C8D9-3392-4A64-BE2B-82400464E3C2}.Debug|Any CPU.Build.0 = Debug|Any CPU
		{67A9C8D9-3392-4A64-BE2B-82400464E3C2}.Debug|x86.ActiveCfg = Debug|Any CPU
		{67A9C8D9-3392-4A64-BE2B-82400464E3C2}.Debug|x86.Build.0 = Debug|Any CPU
		{67A9C8D9-3392-4A64-BE2B-82400464E3C2}.Release|Any CPU.ActiveCfg = Release|Any CPU
		{67A9C8D9-3392-4A64-BE2B-82400464E3C2}.Release|Any CPU.Build.0 = Release|Any CPU
		{67A9C8D9-3392-4A64-BE2B-82400464E3C2}.Release|x86.ActiveCfg = Release|Any CPU
		{67A9C8D9-3392-4A64-BE2B-82400464E3C2}.Release|x86.Build.0 = Release|Any CPU
		{8D7712CD-9000-4C39-86DE-C6D2D7C850E5}.Debug|Any CPU.ActiveCfg = Debug|Any CPU
		{8D7712CD-9000-4C39-86DE-C6D2D7C850E5}.Debug|Any CPU.Build.0 = Debug|Any CPU
		{8D7712CD-9000-4C39-86DE-C6D2D7C850E5}.Debug|x86.ActiveCfg = Debug|Any CPU
		{8D7712CD-9000-4C39-86DE-C6D2D7C850E5}.Debug|x86.Build.0 = Debug|Any CPU
		{8D7712CD-9000-4C39-86DE-C6D2D7C850E5}.Release|Any CPU.ActiveCfg = Release|Any CPU
		{8D7712CD-9000-4C39-86DE-C6D2D7C850E5}.Release|Any CPU.Build.0 = Release|Any CPU
		{8D7712CD-9000-4C39-86DE-C6D2D7C850E5}.Release|x86.ActiveCfg = Release|Any CPU
		{8D7712CD-9000-4C39-86DE-C6D2D7C850E5}.Release|x86.Build.0 = Release|Any CPU
		{3711985E-A1C8-4E01-BF35-D2B51C27AFDC}.Debug|Any CPU.ActiveCfg = Debug|Any CPU
		{3711985E-A1C8-4E01-BF35-D2B51C27AFDC}.Debug|Any CPU.Build.0 = Debug|Any CPU
		{3711985E-A1C8-4E01-BF35-D2B51C27AFDC}.Debug|x86.ActiveCfg = Debug|Any CPU
		{3711985E-A1C8-4E01-BF35-D2B51C27AFDC}.Debug|x86.Build.0 = Debug|Any CPU
		{3711985E-A1C8-4E01-BF35-D2B51C27AFDC}.Release|Any CPU.ActiveCfg = Release|Any CPU
		{3711985E-A1C8-4E01-BF35-D2B51C27AFDC}.Release|Any CPU.Build.0 = Release|Any CPU
		{3711985E-A1C8-4E01-BF35-D2B51C27AFDC}.Release|x86.ActiveCfg = Release|Any CPU
		{3711985E-A1C8-4E01-BF35-D2B51C27AFDC}.Release|x86.Build.0 = Release|Any CPU
		{727CBA4B-A8CA-4AC1-9CE6-12AE24E83A1E}.Debug|Any CPU.ActiveCfg = Debug|Any CPU
		{727CBA4B-A8CA-4AC1-9CE6-12AE24E83A1E}.Debug|Any CPU.Build.0 = Debug|Any CPU
		{727CBA4B-A8CA-4AC1-9CE6-12AE24E83A1E}.Debug|x86.ActiveCfg = Debug|Any CPU
		{727CBA4B-A8CA-4AC1-9CE6-12AE24E83A1E}.Debug|x86.Build.0 = Debug|Any CPU
		{727CBA4B-A8CA-4AC1-9CE6-12AE24E83A1E}.Release|Any CPU.ActiveCfg = Release|Any CPU
		{727CBA4B-A8CA-4AC1-9CE6-12AE24E83A1E}.Release|Any CPU.Build.0 = Release|Any CPU
		{727CBA4B-A8CA-4AC1-9CE6-12AE24E83A1E}.Release|x86.ActiveCfg = Release|Any CPU
		{727CBA4B-A8CA-4AC1-9CE6-12AE24E83A1E}.Release|x86.Build.0 = Release|Any CPU
		{1B9DA1CD-5FD2-43B4-AA3D-C3556102F21B}.Debug|Any CPU.ActiveCfg = Debug|Any CPU
		{1B9DA1CD-5FD2-43B4-AA3D-C3556102F21B}.Debug|Any CPU.Build.0 = Debug|Any CPU
		{1B9DA1CD-5FD2-43B4-AA3D-C3556102F21B}.Debug|x86.ActiveCfg = Debug|Any CPU
		{1B9DA1CD-5FD2-43B4-AA3D-C3556102F21B}.Debug|x86.Build.0 = Debug|Any CPU
		{1B9DA1CD-5FD2-43B4-AA3D-C3556102F21B}.Release|Any CPU.ActiveCfg = Release|Any CPU
		{1B9DA1CD-5FD2-43B4-AA3D-C3556102F21B}.Release|Any CPU.Build.0 = Release|Any CPU
		{1B9DA1CD-5FD2-43B4-AA3D-C3556102F21B}.Release|x86.ActiveCfg = Release|Any CPU
		{1B9DA1CD-5FD2-43B4-AA3D-C3556102F21B}.Release|x86.Build.0 = Release|Any CPU
		{E0F7D5F2-934C-49BC-9AEF-6FFC2D655B57}.Debug|Any CPU.ActiveCfg = Debug|Any CPU
		{E0F7D5F2-934C-49BC-9AEF-6FFC2D655B57}.Debug|Any CPU.Build.0 = Debug|Any CPU
		{E0F7D5F2-934C-49BC-9AEF-6FFC2D655B57}.Debug|x86.ActiveCfg = Debug|Any CPU
		{E0F7D5F2-934C-49BC-9AEF-6FFC2D655B57}.Debug|x86.Build.0 = Debug|Any CPU
		{E0F7D5F2-934C-49BC-9AEF-6FFC2D655B57}.Release|Any CPU.ActiveCfg = Release|Any CPU
		{E0F7D5F2-934C-49BC-9AEF-6FFC2D655B57}.Release|Any CPU.Build.0 = Release|Any CPU
		{E0F7D5F2-934C-49BC-9AEF-6FFC2D655B57}.Release|x86.ActiveCfg = Release|Any CPU
		{E0F7D5F2-934C-49BC-9AEF-6FFC2D655B57}.Release|x86.Build.0 = Release|Any CPU
		{BF8AD948-4D9B-4E1C-839A-7908207C7F1C}.Debug|Any CPU.ActiveCfg = Debug|Any CPU
		{BF8AD948-4D9B-4E1C-839A-7908207C7F1C}.Debug|Any CPU.Build.0 = Debug|Any CPU
		{BF8AD948-4D9B-4E1C-839A-7908207C7F1C}.Debug|x86.ActiveCfg = Debug|Any CPU
		{BF8AD948-4D9B-4E1C-839A-7908207C7F1C}.Debug|x86.Build.0 = Debug|Any CPU
		{BF8AD948-4D9B-4E1C-839A-7908207C7F1C}.Release|Any CPU.ActiveCfg = Release|Any CPU
		{BF8AD948-4D9B-4E1C-839A-7908207C7F1C}.Release|Any CPU.Build.0 = Release|Any CPU
		{BF8AD948-4D9B-4E1C-839A-7908207C7F1C}.Release|x86.ActiveCfg = Release|Any CPU
		{BF8AD948-4D9B-4E1C-839A-7908207C7F1C}.Release|x86.Build.0 = Release|Any CPU
		{0AC93D53-5E6D-450F-821A-456F2CBAF362}.Debug|Any CPU.ActiveCfg = Debug|x86
		{0AC93D53-5E6D-450F-821A-456F2CBAF362}.Debug|x86.ActiveCfg = Debug|x86
		{0AC93D53-5E6D-450F-821A-456F2CBAF362}.Debug|x86.Build.0 = Debug|x86
		{0AC93D53-5E6D-450F-821A-456F2CBAF362}.Release|Any CPU.ActiveCfg = Release|x86
		{0AC93D53-5E6D-450F-821A-456F2CBAF362}.Release|x86.ActiveCfg = Release|x86
		{0AC93D53-5E6D-450F-821A-456F2CBAF362}.Release|x86.Build.0 = Release|x86
		{7B9E4091-24B9-4153-AFD6-9364EF8E9C28}.Debug|Any CPU.ActiveCfg = Debug|Any CPU
		{7B9E4091-24B9-4153-AFD6-9364EF8E9C28}.Debug|Any CPU.Build.0 = Debug|Any CPU
		{7B9E4091-24B9-4153-AFD6-9364EF8E9C28}.Debug|x86.ActiveCfg = Debug|Any CPU
		{7B9E4091-24B9-4153-AFD6-9364EF8E9C28}.Debug|x86.Build.0 = Debug|Any CPU
		{7B9E4091-24B9-4153-AFD6-9364EF8E9C28}.Release|Any CPU.ActiveCfg = Release|Any CPU
		{7B9E4091-24B9-4153-AFD6-9364EF8E9C28}.Release|Any CPU.Build.0 = Release|Any CPU
		{7B9E4091-24B9-4153-AFD6-9364EF8E9C28}.Release|x86.ActiveCfg = Release|Any CPU
		{7B9E4091-24B9-4153-AFD6-9364EF8E9C28}.Release|x86.Build.0 = Release|Any CPU
		{62A16989-4380-4C36-8341-820146DF35A9}.Debug|Any CPU.ActiveCfg = Debug|Any CPU
		{62A16989-4380-4C36-8341-820146DF35A9}.Debug|Any CPU.Build.0 = Debug|Any CPU
		{62A16989-4380-4C36-8341-820146DF35A9}.Debug|x86.ActiveCfg = Debug|Any CPU
		{62A16989-4380-4C36-8341-820146DF35A9}.Debug|x86.Build.0 = Debug|Any CPU
		{62A16989-4380-4C36-8341-820146DF35A9}.Release|Any CPU.ActiveCfg = Release|Any CPU
		{62A16989-4380-4C36-8341-820146DF35A9}.Release|Any CPU.Build.0 = Release|Any CPU
		{62A16989-4380-4C36-8341-820146DF35A9}.Release|x86.ActiveCfg = Release|Any CPU
		{62A16989-4380-4C36-8341-820146DF35A9}.Release|x86.Build.0 = Release|Any CPU
		{7E00A7C7-7F4B-44C5-A0C4-357C889AABE5}.Debug|Any CPU.ActiveCfg = Debug|Any CPU
		{7E00A7C7-7F4B-44C5-A0C4-357C889AABE5}.Debug|Any CPU.Build.0 = Debug|Any CPU
		{7E00A7C7-7F4B-44C5-A0C4-357C889AABE5}.Debug|x86.ActiveCfg = Debug|Any CPU
		{7E00A7C7-7F4B-44C5-A0C4-357C889AABE5}.Debug|x86.Build.0 = Debug|Any CPU
		{7E00A7C7-7F4B-44C5-A0C4-357C889AABE5}.Release|Any CPU.ActiveCfg = Release|Any CPU
		{7E00A7C7-7F4B-44C5-A0C4-357C889AABE5}.Release|Any CPU.Build.0 = Release|Any CPU
		{7E00A7C7-7F4B-44C5-A0C4-357C889AABE5}.Release|x86.ActiveCfg = Release|Any CPU
		{7E00A7C7-7F4B-44C5-A0C4-357C889AABE5}.Release|x86.Build.0 = Release|Any CPU
		{B9C7F98E-CE5A-451D-9E1C-DCC087464BAF}.Debug|Any CPU.ActiveCfg = Debug|Any CPU
		{B9C7F98E-CE5A-451D-9E1C-DCC087464BAF}.Debug|Any CPU.Build.0 = Debug|Any CPU
		{B9C7F98E-CE5A-451D-9E1C-DCC087464BAF}.Debug|x86.ActiveCfg = Debug|Any CPU
		{B9C7F98E-CE5A-451D-9E1C-DCC087464BAF}.Debug|x86.Build.0 = Debug|Any CPU
		{B9C7F98E-CE5A-451D-9E1C-DCC087464BAF}.Release|Any CPU.ActiveCfg = Release|Any CPU
		{B9C7F98E-CE5A-451D-9E1C-DCC087464BAF}.Release|Any CPU.Build.0 = Release|Any CPU
		{B9C7F98E-CE5A-451D-9E1C-DCC087464BAF}.Release|x86.ActiveCfg = Release|Any CPU
		{B9C7F98E-CE5A-451D-9E1C-DCC087464BAF}.Release|x86.Build.0 = Release|Any CPU
		{39117845-51B4-4076-B531-90902372918D}.Debug|Any CPU.ActiveCfg = Debug|Any CPU
		{39117845-51B4-4076-B531-90902372918D}.Debug|Any CPU.Build.0 = Debug|Any CPU
		{39117845-51B4-4076-B531-90902372918D}.Debug|x86.ActiveCfg = Debug|Any CPU
		{39117845-51B4-4076-B531-90902372918D}.Debug|x86.Build.0 = Debug|Any CPU
		{39117845-51B4-4076-B531-90902372918D}.Release|Any CPU.ActiveCfg = Release|Any CPU
		{39117845-51B4-4076-B531-90902372918D}.Release|Any CPU.Build.0 = Release|Any CPU
		{39117845-51B4-4076-B531-90902372918D}.Release|x86.ActiveCfg = Release|Any CPU
		{39117845-51B4-4076-B531-90902372918D}.Release|x86.Build.0 = Release|Any CPU
	EndGlobalSection
	GlobalSection(SolutionProperties) = preSolution
		HideSolutionNode = FALSE
	EndGlobalSection
	GlobalSection(ExtensibilityGlobals) = postSolution
		SolutionGuid = {E738EC92-5F35-488B-8E17-1AF7F4BE51DF}
	EndGlobalSection
EndGlobal
