
Microsoft Visual Studio Solution File, Format Version 12.00
# Visual Studio Version 16
VisualStudioVersion = 16.0.30320.27
MinimumVisualStudioVersion = 10.0.40219.1
Project("{FAE04EC0-301F-11D3-BF4B-00C04F79EFBC}") = "Tools", "Tools\Tools.csproj", "{BE11E67D-7799-4DF9-9FA9-AE5AD70C9E16}"
EndProject
Project("{9A19103F-16F7-4668-BE54-9A1E7A4F7556}") = "Proto2CS", "..\Proto2CS\Proto2CS.csproj", "{4A3C8FE3-9394-4D0F-B1CF-1F76146CBFC0}"
EndProject
Global
	GlobalSection(SolutionConfigurationPlatforms) = preSolution
		Debug|Any CPU = Debug|Any CPU
		Release|Any CPU = Release|Any CPU
	EndGlobalSection
	GlobalSection(ProjectConfigurationPlatforms) = postSolution
		{BE11E67D-7799-4DF9-9FA9-AE5AD70C9E16}.Debug|Any CPU.ActiveCfg = Debug|Any CPU
		{BE11E67D-7799-4DF9-9FA9-AE5AD70C9E16}.Debug|Any CPU.Build.0 = Debug|Any CPU
		{BE11E67D-7799-4DF9-9FA9-AE5AD70C9E16}.Release|Any CPU.ActiveCfg = Release|Any CPU
		{BE11E67D-7799-4DF9-9FA9-AE5AD70C9E16}.Release|Any CPU.Build.0 = Release|Any CPU
		{4A3C8FE3-9394-4D0F-B1CF-1F76146CBFC0}.Debug|Any CPU.ActiveCfg = Debug|Any CPU
		{4A3C8FE3-9394-4D0F-B1CF-1F76146CBFC0}.Debug|Any CPU.Build.0 = Debug|Any CPU
		{4A3C8FE3-9394-4D0F-B1CF-1F76146CBFC0}.Release|Any CPU.ActiveCfg = Release|Any CPU
		{4A3C8FE3-9394-4D0F-B1CF-1F76146CBFC0}.Release|Any CPU.Build.0 = Release|Any CPU
	EndGlobalSection
	GlobalSection(SolutionProperties) = preSolution
		HideSolutionNode = FALSE
	EndGlobalSection
	GlobalSection(ExtensibilityGlobals) = postSolution
		SolutionGuid = {A322C245-2E11-4B8E-804C-5F7C7D87AD5F}
	EndGlobalSection
EndGlobal
